
Microsoft Visual Studio Solution File, Format Version 12.00
# Visual Studio Version 16
VisualStudioVersion = 16.0.30114.105
MinimumVisualStudioVersion = 10.0.40219.1
Project("{FAE04EC0-301F-11D3-BF4B-00C04F79EFBC}") = "ClassLibrary", "ClassLibrary\ClassLibrary.csproj", "{7EC7B585-83C5-4BBC-B739-2F8DC17B5C52}"
EndProject
Project("{FAE04EC0-301F-11D3-BF4B-00C04F79EFBC}") = "AtmValidation", "AtmValidation\AtmValidation.csproj", "{FB0974D2-3DD5-4A94-9650-F2ABB046C95E}"
EndProject
Global
	GlobalSection(SolutionConfigurationPlatforms) = preSolution
		Debug|Any CPU = Debug|Any CPU
		Release|Any CPU = Release|Any CPU
	EndGlobalSection
	GlobalSection(SolutionProperties) = preSolution
		HideSolutionNode = FALSE
	EndGlobalSection
	GlobalSection(ProjectConfigurationPlatforms) = postSolution
		{7EC7B585-83C5-4BBC-B739-2F8DC17B5C52}.Debug|Any CPU.ActiveCfg = Debug|Any CPU
		{7EC7B585-83C5-4BBC-B739-2F8DC17B5C52}.Debug|Any CPU.Build.0 = Debug|Any CPU
		{7EC7B585-83C5-4BBC-B739-2F8DC17B5C52}.Release|Any CPU.ActiveCfg = Release|Any CPU
		{7EC7B585-83C5-4BBC-B739-2F8DC17B5C52}.Release|Any CPU.Build.0 = Release|Any CPU
		{FB0974D2-3DD5-4A94-9650-F2ABB046C95E}.Debug|Any CPU.ActiveCfg = Debug|Any CPU
		{FB0974D2-3DD5-4A94-9650-F2ABB046C95E}.Debug|Any CPU.Build.0 = Debug|Any CPU
		{FB0974D2-3DD5-4A94-9650-F2ABB046C95E}.Release|Any CPU.ActiveCfg = Release|Any CPU
		{FB0974D2-3DD5-4A94-9650-F2ABB046C95E}.Release|Any CPU.Build.0 = Release|Any CPU
	EndGlobalSection
EndGlobal
